
Microsoft Visual Studio Solution File, Format Version 12.00
# Visual Studio 15
VisualStudioVersion = 15.0.28307.136
MinimumVisualStudioVersion = 10.0.40219.1
Project("{9A19103F-16F7-4668-BE54-9A1E7A4F7556}") = "UnityExtras.DefaultParameterValue", "UnityExtras.DefaultParameterValue\UnityExtras.DefaultParameterValue.csproj", "{EE891175-E47C-49B5-AFF4-DBAD2BABF2ED}"
EndProject
Project("{9A19103F-16F7-4668-BE54-9A1E7A4F7556}") = "UnityExtras.DefaultParameterValue.Tests", "UnityExtras.DefaultParameterValue.Tests\UnityExtras.DefaultParameterValue.Tests.csproj", "{08C802CC-6E21-4038-815D-3AC1264A6902}"
EndProject
Global
	GlobalSection(SolutionConfigurationPlatforms) = preSolution
		Debug|Any CPU = Debug|Any CPU
		Release|Any CPU = Release|Any CPU
	EndGlobalSection
	GlobalSection(ProjectConfigurationPlatforms) = postSolution
		{EE891175-E47C-49B5-AFF4-DBAD2BABF2ED}.Debug|Any CPU.ActiveCfg = Debug|Any CPU
		{EE891175-E47C-49B5-AFF4-DBAD2BABF2ED}.Debug|Any CPU.Build.0 = Debug|Any CPU
		{EE891175-E47C-49B5-AFF4-DBAD2BABF2ED}.Release|Any CPU.ActiveCfg = Release|Any CPU
		{EE891175-E47C-49B5-AFF4-DBAD2BABF2ED}.Release|Any CPU.Build.0 = Release|Any CPU
		{08C802CC-6E21-4038-815D-3AC1264A6902}.Debug|Any CPU.ActiveCfg = Debug|Any CPU
		{08C802CC-6E21-4038-815D-3AC1264A6902}.Debug|Any CPU.Build.0 = Debug|Any CPU
		{08C802CC-6E21-4038-815D-3AC1264A6902}.Release|Any CPU.ActiveCfg = Release|Any CPU
		{08C802CC-6E21-4038-815D-3AC1264A6902}.Release|Any CPU.Build.0 = Release|Any CPU
	EndGlobalSection
	GlobalSection(SolutionProperties) = preSolution
		HideSolutionNode = FALSE
	EndGlobalSection
	GlobalSection(ExtensibilityGlobals) = postSolution
		SolutionGuid = {5EA769C6-B0A6-49E0-A695-A5899D7BEA7D}
	EndGlobalSection
EndGlobal
